
Microsoft Visual Studio Solution File, Format Version 12.00
# Visual Studio Version 16
VisualStudioVersion = 16.0.34114.132
MinimumVisualStudioVersion = 10.0.40219.1
Project("{9A19103F-16F7-4668-BE54-9A1E7A4F7556}") = "DapperDataAccessLayer", "DapperDataAccessLayer\DapperDataAccessLayer.csproj", "{1592FAFF-279D-4DBB-87E5-6C96DC34A8BD}"
EndProject
Project("{9A19103F-16F7-4668-BE54-9A1E7A4F7556}") = "SchoolDetails.API", "SchoolDetail.API\SchoolDetails.API.csproj", "{A3584708-DE4C-479B-9934-2B172ACCCC71}"
EndProject
Global
	GlobalSection(SolutionConfigurationPlatforms) = preSolution
		Debug|Any CPU = Debug|Any CPU
		Release|Any CPU = Release|Any CPU
	EndGlobalSection
	GlobalSection(ProjectConfigurationPlatforms) = postSolution
		{1592FAFF-279D-4DBB-87E5-6C96DC34A8BD}.Debug|Any CPU.ActiveCfg = Debug|Any CPU
		{1592FAFF-279D-4DBB-87E5-6C96DC34A8BD}.Debug|Any CPU.Build.0 = Debug|Any CPU
		{1592FAFF-279D-4DBB-87E5-6C96DC34A8BD}.Release|Any CPU.ActiveCfg = Release|Any CPU
		{1592FAFF-279D-4DBB-87E5-6C96DC34A8BD}.Release|Any CPU.Build.0 = Release|Any CPU
		{A3584708-DE4C-479B-9934-2B172ACCCC71}.Debug|Any CPU.ActiveCfg = Debug|Any CPU
		{A3584708-DE4C-479B-9934-2B172ACCCC71}.Debug|Any CPU.Build.0 = Debug|Any CPU
		{A3584708-DE4C-479B-9934-2B172ACCCC71}.Release|Any CPU.ActiveCfg = Release|Any CPU
		{A3584708-DE4C-479B-9934-2B172ACCCC71}.Release|Any CPU.Build.0 = Release|Any CPU
	EndGlobalSection
	GlobalSection(SolutionProperties) = preSolution
		HideSolutionNode = FALSE
	EndGlobalSection
	GlobalSection(ExtensibilityGlobals) = postSolution
		SolutionGuid = {104E47E4-4BF4-4CD7-A897-D741540EC21E}
	EndGlobalSection
EndGlobal
